
Microsoft Visual Studio Solution File, Format Version 12.00
# Visual Studio 14
VisualStudioVersion = 14.0.25420.1
MinimumVisualStudioVersion = 10.0.40219.1
Project("{FAE04EC0-301F-11D3-BF4B-00C04F79EFBC}") = "htmlpractice", "htmlpractice\htmlpractice.csproj", "{357325C6-21AD-4EF5-B1FD-FC64D627018F}"
EndProject
Global
	GlobalSection(SolutionConfigurationPlatforms) = preSolution
		Debug|Any CPU = Debug|Any CPU
		Release|Any CPU = Release|Any CPU
	EndGlobalSection
	GlobalSection(ProjectConfigurationPlatforms) = postSolution
		{357325C6-21AD-4EF5-B1FD-FC64D627018F}.Debug|Any CPU.ActiveCfg = Debug|Any CPU
		{357325C6-21AD-4EF5-B1FD-FC64D627018F}.Debug|Any CPU.Build.0 = Debug|Any CPU
		{357325C6-21AD-4EF5-B1FD-FC64D627018F}.Release|Any CPU.ActiveCfg = Release|Any CPU
		{357325C6-21AD-4EF5-B1FD-FC64D627018F}.Release|Any CPU.Build.0 = Release|Any CPU
	EndGlobalSection
	GlobalSection(SolutionProperties) = preSolution
		HideSolutionNode = FALSE
	EndGlobalSection
EndGlobal
